
Microsoft Visual Studio Solution File, Format Version 12.00
# Visual Studio Version 16
VisualStudioVersion = 16.0.30717.126
MinimumVisualStudioVersion = 10.0.40219.1
Project("{FAE04EC0-301F-11D3-BF4B-00C04F79EFBC}") = "DJBlogs.Azure.KeyVault", "DJBlogs.Azure.KeyVault\DJBlogs.Azure.KeyVault.csproj", "{187FF1D0-3425-468E-A80B-333A5B418D86}"
EndProject
Global
	GlobalSection(SolutionConfigurationPlatforms) = preSolution
		Debug|Any CPU = Debug|Any CPU
		Release|Any CPU = Release|Any CPU
	EndGlobalSection
	GlobalSection(ProjectConfigurationPlatforms) = postSolution
		{187FF1D0-3425-468E-A80B-333A5B418D86}.Debug|Any CPU.ActiveCfg = Debug|Any CPU
		{187FF1D0-3425-468E-A80B-333A5B418D86}.Debug|Any CPU.Build.0 = Debug|Any CPU
		{187FF1D0-3425-468E-A80B-333A5B418D86}.Release|Any CPU.ActiveCfg = Release|Any CPU
		{187FF1D0-3425-468E-A80B-333A5B418D86}.Release|Any CPU.Build.0 = Release|Any CPU
	EndGlobalSection
	GlobalSection(SolutionProperties) = preSolution
		HideSolutionNode = FALSE
	EndGlobalSection
	GlobalSection(ExtensibilityGlobals) = postSolution
		SolutionGuid = {B8D613BB-527D-49B9-82E4-AE63F9AF0617}
	EndGlobalSection
EndGlobal
